<?xml version="1.0" encoding="utf-8"?>
<Project ToolsVersion="4.0" xmlns="http://schemas.microsoft.com/developer/msbuild/2003">
  <ItemGroup>
    <ClCompile Include="ENPS_Model.cpp">
      <Filter>Source Files</Filter>
    </ClCompile>
    <ClCompile Include="ENPS_Plain_Writer.cpp">
      <Filter>Source Files</Filter>
    </ClCompile>
    <ClCompile Include="ENPS_XML_Production_function_reader.cpp">
      <Filter>Source Files</Filter>
    </ClCompile>
    <ClCompile Include="ENPS_XML_Reader.cpp">
      <Filter>Source Files</Filter>
    </ClCompile>
    <ClCompile Include="ENPSSimulatorLauncher.cpp">
      <Filter>Source Files</Filter>
    </ClCompile>
    <ClCompile Include="Main.cpp">
      <Filter>Source Files</Filter>
    </ClCompile>
    <ClCompile Include="production_function_solver.cpp">
      <Filter>Source Files</Filter>
    </ClCompile>
    <ClCompile Include="Results_Printer.cpp">
      <Filter>Source Files</Filter>
    </ClCompile>
    <ClCompile Include="Results_Writer.cpp">
      <Filter>Source Files</Filter>
    </ClCompile>
    <ClCompile Include="Tree_Production_Function_Display.cpp">
      <Filter>Source Files</Filter>
    </ClCompile>
    <ClCompile Include="Tree_To_Array_PF_Transformer.cpp">
      <Filter>Source Files</Filter>
    </ClCompile>
  </ItemGroup>
  <ItemGroup>
    <ClInclude Include="ENPS_Model.h">
      <Filter>Header Files</Filter>
    </ClInclude>
    <ClInclude Include="Tree_To_Array_PF_Transformer.h">
      <Filter>Header Files</Filter>
    </ClInclude>
    <ClInclude Include="enps_parameters.h">
      <Filter>Header Files</Filter>
    </ClInclude>
    <ClInclude Include="ENPS_Plain_Writer.h">
      <Filter>Header Files</Filter>
    </ClInclude>
    <ClInclude Include="ENPS_XML_Production_function_reader.h">
      <Filter>Header Files</Filter>
    </ClInclude>
    <ClInclude Include="ENPS_XML_Reader.h">
      <Filter>Header Files</Filter>
    </ClInclude>
    <ClInclude Include="ENPSSimulatorLauncher.h">
      <Filter>Header Files</Filter>
    </ClInclude>
    <ClInclude Include="Main.h">
      <Filter>Header Files</Filter>
    </ClInclude>
    <ClInclude Include="production_function_item.h">
      <Filter>Header Files</Filter>
    </ClInclude>
    <ClInclude Include="production_function_solver.h">
      <Filter>Header Files</Filter>
    </ClInclude>
    <ClInclude Include="Results_Printer.h">
      <Filter>Header Files</Filter>
    </ClInclude>
    <ClInclude Include="Results_Writer.h">
      <Filter>Header Files</Filter>
    </ClInclude>
    <ClInclude Include="Tree_Production_Function_Display.h">
      <Filter>Header Files</Filter>
    </ClInclude>
  </ItemGroup>
  <ItemGroup>
    <None Include="calculate_minimum_for_each_program.cuh">
      <Filter>CUDA Header Files</Filter>
    </None>
    <None Include="clear_contributed_variables.cuh">
      <Filter>CUDA Header Files</Filter>
    </None>
    <None Include="clear_production_function_results.cuh">
      <Filter>CUDA Header Files</Filter>
    </None>
    <None Include="compute_production_function.cuh">
      <Filter>CUDA Header Files</Filter>
    </None>
    <None Include="kernel.cuh">
      <Filter>CUDA Header Files</Filter>
    </None>
    <None Include="kernel_function_headers.cuh">
      <Filter>CUDA Header Files</Filter>
    </None>
    <None Include="apply_repartition_protocol.cuh">
      <Filter>CUDA Header Files</Filter>
    </None>
  </ItemGroup>
  <ItemGroup>
    <CudaCompile Include="compute_production_function.cu">
      <Filter>CUDA Source Files</Filter>
    </CudaCompile>
    <CudaCompile Include="calculate_minimum_for_each_program.cu">
      <Filter>CUDA Source Files</Filter>
    </CudaCompile>
    <CudaCompile Include="clear_contributed_variables.cu">
      <Filter>CUDA Source Files</Filter>
    </CudaCompile>
    <CudaCompile Include="clear_production_function_results.cu">
      <Filter>CUDA Source Files</Filter>
    </CudaCompile>
    <CudaCompile Include="kernel.cu">
      <Filter>CUDA Source Files</Filter>
    </CudaCompile>
    <CudaCompile Include="apply_repartition_protocol.cu">
      <Filter>CUDA Source Files</Filter>
    </CudaCompile>
  </ItemGroup>
  <ItemGroup>
    <Filter Include="Header Files">
      <UniqueIdentifier>{666626da-ca85-4615-8da2-902579a8d6ac}</UniqueIdentifier>
    </Filter>
    <Filter Include="Source Files">
      <UniqueIdentifier>{3b29d90d-af4a-4609-8a1f-f7a0e32489ce}</UniqueIdentifier>
    </Filter>
    <Filter Include="CUDA Header Files">
      <UniqueIdentifier>{8123468e-cef7-429e-b591-d02ebcfeacab}</UniqueIdentifier>
    </Filter>
    <Filter Include="CUDA Source Files">
      <UniqueIdentifier>{d98c73b1-d169-4af0-a398-d3b8bd013c92}</UniqueIdentifier>
    </Filter>
  </ItemGroup>
</Project>